PODS:
  - GONMarkupParser (0.8.2):
    - "NSString+Color"
  - GoogleDataTransport (7.4.0):
    - nanopb (~> 1.30906.0)
  - GoogleMLKit/BarcodeScanning (0.64.0):
    - GoogleMLKit/MLKitCore
    - MLKitBarcodeScanning (~> 0.64.0)
  - GoogleMLKit/MLKitCore (0.64.0):
    - MLKitCommon (~> 0.64.0)
  - GoogleToolboxForMac/DebugUtils (2.2.2):
    - GoogleToolboxForMac/Defines (= 2.2.2)
  - GoogleToolboxForMac/Defines (2.2.2)
  - GoogleToolboxForMac/Logger (2.2.2):
    - GoogleToolboxForMac/Defines (= 2.2.2)
  - "GoogleToolboxForMac/NSData+zlib (2.2.2)":
    - GoogleToolboxForMac/Defines (= 2.2.2)
  - "GoogleToolboxForMac/NSDictionary+URLArguments (2.2.2)":
    - GoogleToolboxForMac/DebugUtils (= 2.2.2)
    - GoogleToolboxForMac/Defines (= 2.2.2)
    - "GoogleToolboxForMac/NSString+URLArguments (= 2.2.2)"
  - "GoogleToolboxForMac/NSString+URLArguments (2.2.2)"
  - GoogleUtilities/Environment (6.7.2):
    - PromisesObjC (~> 1.2)
  - GoogleUtilities/Logger (6.7.2):
    - GoogleUtilities/Environment
  - GoogleUtilities/UserDefaults (6.7.2):
    - GoogleUtilities/Logger
  - GoogleUtilitiesComponents (1.0.0):
    - GoogleUtilities/Logger
  - GTMSessionFetcher/Core (1.4.0)
  - Keys (1.0.1)
  - MLKitBarcodeScanning (0.64.0):
    - MLKitCommon (~> 0.64)
    - MLKitVision (~> 0.64)
  - MLKitCommon (0.64.0):
    - GoogleDataTransport (~> 7.0)
    - GoogleToolboxForMac/Logger (~> 2.1)
    - "GoogleToolboxForMac/NSData+zlib (~> 2.1)"
    - "GoogleToolboxForMac/NSDictionary+URLArguments (~> 2.1)"
    - GoogleUtilities/UserDefaults (~> 6.0)
    - GoogleUtilitiesComponents (~> 1.0)
    - GTMSessionFetcher/Core (~> 1.1)
    - Protobuf (~> 3.12)
  - MLKitVision (0.64.0):
    - GoogleToolboxForMac/Logger (~> 2.1)
    - "GoogleToolboxForMac/NSData+zlib (~> 2.1)"
    - GTMSessionFetcher/Core (~> 1.1)
    - MLKitCommon (~> 0.64)
    - Protobuf (~> 3.12)
  - nanopb (1.30906.0):
    - nanopb/decode (= 1.30906.0)
    - nanopb/encode (= 1.30906.0)
  - nanopb/decode (1.30906.0)
  - nanopb/encode (1.30906.0)
  - "NSString+Color (1.1.4)"
  - PromisesObjC (1.2.10)
  - Protobuf (3.13.0)

DEPENDENCIES:
  - GONMarkupParser
  - GoogleMLKit/BarcodeScanning
  - Keys (from `Pods/CocoaPodsKeys`)

SPEC REPOS:
  trunk:
    - GONMarkupParser
    - GoogleDataTransport
    - GoogleMLKit
    - GoogleToolboxForMac
    - GoogleUtilities
    - GoogleUtilitiesComponents
    - GTMSessionFetcher
    - MLKitBarcodeScanning
    - MLKitCommon
    - MLKitVision
    - nanopb
    - "NSString+Color"
    - PromisesObjC
    - Protobuf

EXTERNAL SOURCES:
  Keys:
    :path: Pods/CocoaPodsKeys

SPEC CHECKSUMS:
  GONMarkupParser: edacf99b45329b5a6626c70a17754963ca74b106
  GoogleDataTransport: b7f406340a291370045a270c599e53c6fa6ec20f
  GoogleMLKit: 3c1f895592d95625eb57b8e66d4f13a5d36f9b49
  GoogleToolboxForMac: 800648f8b3127618c1b59c7f97684427630c5ea3
  GoogleUtilities: 7f2f5a07f888cdb145101d6042bc4422f57e70b3
  GoogleUtilitiesComponents: a69c0b3b369ba443e988141e75ef49d9010b1c80
  GTMSessionFetcher: 6f5c8abbab8a9bce4bb3f057e317728ec6182b10
  Keys: a576f4c9c1c641ca913a959a9c62ed3f215a8de9
  MLKitBarcodeScanning: 7b380e25719fb194292063e217c1ddbb0edbb506
  MLKitCommon: dc2909c96dbf7f5a75b86a3d2fa1b92ff3f6a30b
  MLKitVision: bd96ec12ea19d589435523c914766538da259161
  nanopb: 59317e09cf1f1a0af72f12af412d54edf52603fc
  "NSString+Color": ea9e33d498d634adf56766c606c9128822094473
  PromisesObjC: b14b1c6b68e306650688599de8a45e49fae81151
  Protobuf: 3dac39b34a08151c6d949560efe3f86134a3f748

PODFILE CHECKSUM: 0ce73b812e992b4eb828468826c063a3cbe9b95d

COCOAPODS: 1.9.3
